
Microsoft Visual Studio Solution File, Format Version 12.00
# Visual Studio Version 16
VisualStudioVersion = 16.0.29613.14
MinimumVisualStudioVersion = 10.0.40219.1
Project("{FAE04EC0-301F-11D3-BF4B-00C04F79EFBC}") = "Converter", "Converter.csproj", "{76719182-B3A0-4188-9D55-47007536EBF6}"
EndProject
Global
	GlobalSection(SolutionConfigurationPlatforms) = preSolution
		Debug|Any CPU = Debug|Any CPU
		Release|Any CPU = Release|Any CPU
	EndGlobalSection
	GlobalSection(ProjectConfigurationPlatforms) = postSolution
		{76719182-B3A0-4188-9D55-47007536EBF6}.Debug|Any CPU.ActiveCfg = Debug|Any CPU
		{76719182-B3A0-4188-9D55-47007536EBF6}.Debug|Any CPU.Build.0 = Debug|Any CPU
		{76719182-B3A0-4188-9D55-47007536EBF6}.Release|Any CPU.ActiveCfg = Release|Any CPU
		{76719182-B3A0-4188-9D55-47007536EBF6}.Release|Any CPU.Build.0 = Release|Any CPU
	EndGlobalSection
	GlobalSection(SolutionProperties) = preSolution
		HideSolutionNode = FALSE
	EndGlobalSection
	GlobalSection(ExtensibilityGlobals) = postSolution
		SolutionGuid = {4150E972-8C3D-4103-B900-CB916C9810E7}
	EndGlobalSection
EndGlobal
